// !$*UTF8*$!
{
	archiveVersion = 1;
	classes = {
	};
	objectVersion = 51;
	objects = {

/* Begin PBXBuildFile section */
		B11C151326B7FD7E00ECEF95 /* AppDelegate.swift in Sources */ = {isa = PBXBuildFile; fileRef = B11C151226B7FD7E00ECEF95 /* AppDelegate.swift */; };
		B11C151526B7FD7E00ECEF95 /* SceneDelegate.swift in Sources */ = {isa = PBXBuildFile; fileRef = B11C151426B7FD7E00ECEF95 /* SceneDelegate.swift */; };
		B11C151726B7FD7E00ECEF95 /* ViewController.swift in Sources */ = {isa = PBXBuildFile; fileRef = B11C151626B7FD7E00ECEF95 /* ViewController.swift */; };
		B11C151A26B7FD7E00ECEF95 /* Main.storyboard in Resources */ = {isa = PBXBuildFile; fileRef = B11C151826B7FD7E00ECEF95 /* Main.storyboard */; };
		B11C151C26B7FD8A00ECEF95 /* Assets.xcassets in Resources */ = {isa = PBXBuildFile; fileRef = B11C151B26B7FD8A00ECEF95 /* Assets.xcassets */; };
		B11C151F26B7FD8A00ECEF95 /* LaunchScreen.storyboard in Resources */ = {isa = PBXBuildFile; fileRef = B11C151D26B7FD8A00ECEF95 /* LaunchScreen.storyboard */; };
		B11C152926B8038900ECEF95 /* RxPracticeTableViewCell.swift in Sources */ = {isa = PBXBuildFile; fileRef = B11C152726B8038800ECEF95 /* RxPracticeTableViewCell.swift */; };
		B11C152A26B8038900ECEF95 /* RxPracticeTableViewCell.xib in Resources */ = {isa = PBXBuildFile; fileRef = B11C152826B8038800ECEF95 /* RxPracticeTableViewCell.xib */; };
		B11C152C26B80E3800ECEF95 /* TestModel.swift in Sources */ = {isa = PBXBuildFile; fileRef = B11C152B26B80E3700ECEF95 /* TestModel.swift */; };
		B11C153E26BF602400ECEF95 /* PresentationController.swift in Sources */ = {isa = PBXBuildFile; fileRef = B11C153D26BF602400ECEF95 /* PresentationController.swift */; };
		B11C154326BF717400ECEF95 /* ModalViewController.swift in Sources */ = {isa = PBXBuildFile; fileRef = B11C154126BF717400ECEF95 /* ModalViewController.swift */; };
		B11C154426BF717400ECEF95 /* ModalViewController.xib in Resources */ = {isa = PBXBuildFile; fileRef = B11C154226BF717400ECEF95 /* ModalViewController.xib */; };
		B19687C026E0787B00D16EF9 /* ShadowView.swift in Sources */ = {isa = PBXBuildFile; fileRef = B19687BF26E0787B00D16EF9 /* ShadowView.swift */; };
		B19687CC26E4E04200D16EF9 /* Tabbar.storyboard in Resources */ = {isa = PBXBuildFile; fileRef = B19687CB26E4E04100D16EF9 /* Tabbar.storyboard */; };
		B19687CE26E4E04F00D16EF9 /* Tabbar.swift in Sources */ = {isa = PBXBuildFile; fileRef = B19687CD26E4E04F00D16EF9 /* Tabbar.swift */; };
		EDB7CF273F7C5E5DE580EA4D /* Pods_RxPractice.framework in Frameworks */ = {isa = PBXBuildFile; fileRef = AF3C83326BB322555B6578F8 /* Pods_RxPractice.framework */; };
/* End PBXBuildFile section */

/* Begin PBXFileReference section */
		378C1ACD7DBFA584A1D0A9AF /* Pods-RxPractice.debug.xcconfig */ = {isa = PBXFileReference; includeInIndex = 1; lastKnownFileType = text.xcconfig; name = "Pods-RxPractice.debug.xcconfig"; path = "Target Support Files/Pods-RxPractice/Pods-RxPractice.debug.xcconfig"; sourceTree = "<group>"; };
		6FE9A2103195EAF0B8D5875E /* Pods-RxPractice.release.xcconfig */ = {isa = PBXFileReference; includeInIndex = 1; lastKnownFileType = text.xcconfig; name = "Pods-RxPractice.release.xcconfig"; path = "Target Support Files/Pods-RxPractice/Pods-RxPractice.release.xcconfig"; sourceTree = "<group>"; };
		AF3C83326BB322555B6578F8 /* Pods_RxPractice.framework */ = {isa = PBXFileReference; explicitFileType = wrapper.framework; includeInIndex = 0; path = Pods_RxPractice.framework; sourceTree = BUILT_PRODUCTS_DIR; };
		B11C150F26B7FD7E00ECEF95 /* RxPractice.app */ = {isa = PBXFileReference; explicitFileType = wrapper.application; includeInIndex = 0; path = RxPractice.app; sourceTree = BUILT_PRODUCTS_DIR; };
		B11C151226B7FD7E00ECEF95 /* AppDelegate.swift */ = {isa = PBXFileReference; lastKnownFileType = sourcecode.swift; path = AppDelegate.swift; sourceTree = "<group>"; };
		B11C151426B7FD7E00ECEF95 /* SceneDelegate.swift */ = {isa = PBXFileReference; lastKnownFileType = sourcecode.swift; path = SceneDelegate.swift; sourceTree = "<group>"; };
		B11C151626B7FD7E00ECEF95 /* ViewController.swift */ = {isa = PBXFileReference; lastKnownFileType = sourcecode.swift; path = ViewController.swift; sourceTree = "<group>"; };
		B11C151926B7FD7E00ECEF95 /* Base */ = {isa = PBXFileReference; lastKnownFileType = file.storyboard; name = Base; path = Base.lproj/Main.storyboard; sourceTree = "<group>"; };
		B11C151B26B7FD8A00ECEF95 /* Assets.xcassets */ = {isa = PBXFileReference; lastKnownFileType = folder.assetcatalog; path = Assets.xcassets; sourceTree = "<group>"; };
		B11C151E26B7FD8A00ECEF95 /* Base */ = {isa = PBXFileReference; lastKnownFileType = file.storyboard; name = Base; path = Base.lproj/LaunchScreen.storyboard; sourceTree = "<group>"; };
		B11C152026B7FD8A00ECEF95 /* Info.plist */ = {isa = PBXFileReference; lastKnownFileType = text.plist.xml; path = Info.plist; sourceTree = "<group>"; };
		B11C152726B8038800ECEF95 /* RxPracticeTableViewCell.swift */ = {isa = PBXFileReference; lastKnownFileType = sourcecode.swift; path = RxPracticeTableViewCell.swift; sourceTree = "<group>"; };
		B11C152826B8038800ECEF95 /* RxPracticeTableViewCell.xib */ = {isa = PBXFileReference; lastKnownFileType = file.xib; path = RxPracticeTableViewCell.xib; sourceTree = "<group>"; };
		B11C152B26B80E3700ECEF95 /* TestModel.swift */ = {isa = PBXFileReference; lastKnownFileType = sourcecode.swift; path = TestModel.swift; sourceTree = "<group>"; };
		B11C153D26BF602400ECEF95 /* PresentationController.swift */ = {isa = PBXFileReference; lastKnownFileType = sourcecode.swift; path = PresentationController.swift; sourceTree = "<group>"; };
		B11C154126BF717400ECEF95 /* ModalViewController.swift */ = {isa = PBXFileReference; lastKnownFileType = sourcecode.swift; path = ModalViewController.swift; sourceTree = "<group>"; };
		B11C154226BF717400ECEF95 /* ModalViewController.xib */ = {isa = PBXFileReference; lastKnownFileType = file.xib; path = ModalViewController.xib; sourceTree = "<group>"; };
		B19687BF26E0787B00D16EF9 /* ShadowView.swift */ = {isa = PBXFileReference; lastKnownFileType = sourcecode.swift; path = ShadowView.swift; sourceTree = "<group>"; };
		B19687CB26E4E04100D16EF9 /* Tabbar.storyboard */ = {isa = PBXFileReference; lastKnownFileType = file.storyboard; path = Tabbar.storyboard; sourceTree = "<group>"; };
		B19687CD26E4E04F00D16EF9 /* Tabbar.swift */ = {isa = PBXFileReference; lastKnownFileType = sourcecode.swift; path = Tabbar.swift; sourceTree = "<group>"; };
/* End PBXFileReference section */

/* Begin PBXFrameworksBuildPhase section */
		B11C150C26B7FD7E00ECEF95 /* Frameworks */ = {
			isa = PBXFrameworksBuildPhase;
			buildActionMask = 2147483647;
			files = (
				EDB7CF273F7C5E5DE580EA4D /* Pods_RxPractice.framework in Frameworks */,
			);
			runOnlyForDeploymentPostprocessing = 0;
		};
/* End PBXFrameworksBuildPhase section */

/* Begin PBXGroup section */
		1DC176F07D94C6F7CA7FFA3E /* Pods */ = {
			isa = PBXGroup;
			children = (
				378C1ACD7DBFA584A1D0A9AF /* Pods-RxPractice.debug.xcconfig */,
				6FE9A2103195EAF0B8D5875E /* Pods-RxPractice.release.xcconfig */,
			);
			path = Pods;
			sourceTree = "<group>";
		};
		ACEABB79D37C333F06190A4F /* Frameworks */ = {
			isa = PBXGroup;
			children = (
				AF3C83326BB322555B6578F8 /* Pods_RxPractice.framework */,
			);
			name = Frameworks;
			sourceTree = "<group>";
		};
		B11C150626B7FD7E00ECEF95 = {
			isa = PBXGroup;
			children = (
				B11C151126B7FD7E00ECEF95 /* RxPractice */,
				B11C151026B7FD7E00ECEF95 /* Products */,
				1DC176F07D94C6F7CA7FFA3E /* Pods */,
				ACEABB79D37C333F06190A4F /* Frameworks */,
			);
			sourceTree = "<group>";
		};
		B11C151026B7FD7E00ECEF95 /* Products */ = {
			isa = PBXGroup;
			children = (
				B11C150F26B7FD7E00ECEF95 /* RxPractice.app */,
			);
			name = Products;
			sourceTree = "<group>";
		};
		B11C151126B7FD7E00ECEF95 /* RxPractice */ = {
			isa = PBXGroup;
			children = (
				B19687CA26E4E01A00D16EF9 /* Tabbar */,
				B11C153926BF5F3D00ECEF95 /* ModalView */,
				B11C152D26B80E3F00ECEF95 /* Model */,
				B11C152626B8013100ECEF95 /* TableViewCell */,
				B11C151226B7FD7E00ECEF95 /* AppDelegate.swift */,
				B11C151426B7FD7E00ECEF95 /* SceneDelegate.swift */,
				B11C151626B7FD7E00ECEF95 /* ViewController.swift */,
				B11C151826B7FD7E00ECEF95 /* Main.storyboard */,
				B11C151B26B7FD8A00ECEF95 /* Assets.xcassets */,
				B11C151D26B7FD8A00ECEF95 /* LaunchScreen.storyboard */,
				B11C152026B7FD8A00ECEF95 /* Info.plist */,
			);
			path = RxPractice;
			sourceTree = "<group>";
		};
		B11C152626B8013100ECEF95 /* TableViewCell */ = {
			isa = PBXGroup;
			children = (
				B11C152726B8038800ECEF95 /* RxPracticeTableViewCell.swift */,
				B11C152826B8038800ECEF95 /* RxPracticeTableViewCell.xib */,
			);
			path = TableViewCell;
			sourceTree = "<group>";
		};
		B11C152D26B80E3F00ECEF95 /* Model */ = {
			isa = PBXGroup;
			children = (
				B11C152B26B80E3700ECEF95 /* TestModel.swift */,
				B19687BF26E0787B00D16EF9 /* ShadowView.swift */,
			);
			path = Model;
			sourceTree = "<group>";
		};
		B11C153926BF5F3D00ECEF95 /* ModalView */ = {
			isa = PBXGroup;
			children = (
				B11C153A26BF5F6100ECEF95 /* Presentation */,
				B11C154126BF717400ECEF95 /* ModalViewController.swift */,
				B11C154226BF717400ECEF95 /* ModalViewController.xib */,
			);
			path = ModalView;
			sourceTree = "<group>";
		};
		B11C153A26BF5F6100ECEF95 /* Presentation */ = {
			isa = PBXGroup;
			children = (
				B11C153D26BF602400ECEF95 /* PresentationController.swift */,
			);
			path = Presentation;
			sourceTree = "<group>";
		};
		B19687CA26E4E01A00D16EF9 /* Tabbar */ = {
			isa = PBXGroup;
			children = (
				B19687CB26E4E04100D16EF9 /* Tabbar.storyboard */,
				B19687CD26E4E04F00D16EF9 /* Tabbar.swift */,
			);
			path = Tabbar;
			sourceTree = "<group>";
		};
/* End PBXGroup section */

/* Begin PBXNativeTarget section */
		B11C150E26B7FD7E00ECEF95 /* RxPractice */ = {
			isa = PBXNativeTarget;
			buildConfigurationList = B11C152326B7FD8A00ECEF95 /* Build configuration list for PBXNativeTarget "RxPractice" */;
			buildPhases = (
				153B28F32807798853E73414 /* [CP] Check Pods Manifest.lock */,
				B11C150B26B7FD7E00ECEF95 /* Sources */,
				B11C150C26B7FD7E00ECEF95 /* Frameworks */,
				B11C150D26B7FD7E00ECEF95 /* Resources */,
				39979A70C641DF89B900158C /* [CP] Embed Pods Frameworks */,
			);
			buildRules = (
			);
			dependencies = (
			);
			name = RxPractice;
			productName = RxPractice;
			productReference = B11C150F26B7FD7E00ECEF95 /* RxPractice.app */;
			productType = "com.apple.product-type.application";
		};
/* End PBXNativeTarget section */

/* Begin PBXProject section */
		B11C150726B7FD7E00ECEF95 /* Project object */ = {
			isa = PBXProject;
			attributes = {
				LastSwiftUpdateCheck = 1250;
				LastUpgradeCheck = 1250;
				TargetAttributes = {
					B11C150E26B7FD7E00ECEF95 = {
						CreatedOnToolsVersion = 12.5.1;
					};
				};
			};
			buildConfigurationList = B11C150A26B7FD7E00ECEF95 /* Build configuration list for PBXProject "RxPractice" */;
			compatibilityVersion = "Xcode 9.3";
			developmentRegion = en;
			hasScannedForEncodings = 0;
			knownRegions = (
				en,
				Base,
			);
			mainGroup = B11C150626B7FD7E00ECEF95;
			productRefGroup = B11C151026B7FD7E00ECEF95 /* Products */;
			projectDirPath = "";
			projectRoot = "";
			targets = (
				B11C150E26B7FD7E00ECEF95 /* RxPractice */,
			);
		};
/* End PBXProject section */

/* Begin PBXResourcesBuildPhase section */
		B11C150D26B7FD7E00ECEF95 /* Resources */ = {
			isa = PBXResourcesBuildPhase;
			buildActionMask = 2147483647;
			files = (
				B19687CC26E4E04200D16EF9 /* Tabbar.storyboard in Resources */,
				B11C152A26B8038900ECEF95 /* RxPracticeTableViewCell.xib in Resources */,
				B11C154426BF717400ECEF95 /* ModalViewController.xib in Resources */,
				B11C151F26B7FD8A00ECEF95 /* LaunchScreen.storyboard in Resources */,
				B11C151C26B7FD8A00ECEF95 /* Assets.xcassets in Resources */,
				B11C151A26B7FD7E00ECEF95 /* Main.storyboard in Resources */,
			);
			runOnlyForDeploymentPostprocessing = 0;
		};
/* End PBXResourcesBuildPhase section */

/* Begin PBXShellScriptBuildPhase section */
		153B28F32807798853E73414 /* [CP] Check Pods Manifest.lock */ = {
			isa = PBXShellScriptBuildPhase;
			buildActionMask = 2147483647;
			files = (
			);
			inputFileListPaths = (
			);
			inputPaths = (
				"${PODS_PODFILE_DIR_PATH}/Podfile.lock",
				"${PODS_ROOT}/Manifest.lock",
			);
			name = "[CP] Check Pods Manifest.lock";
			outputFileListPaths = (
			);
			outputPaths = (
				"$(DERIVED_FILE_DIR)/Pods-RxPractice-checkManifestLockResult.txt",
			);
			runOnlyForDeploymentPostprocessing = 0;
			shellPath = /bin/sh;
			shellScript = "diff \"${PODS_PODFILE_DIR_PATH}/Podfile.lock\" \"${PODS_ROOT}/Manifest.lock\" > /dev/null\nif [ $? != 0 ] ; then\n    # print error to STDERR\n    echo \"error: The sandbox is not in sync with the Podfile.lock. Run 'pod install' or update your CocoaPods installation.\" >&2\n    exit 1\nfi\n# This output is used by Xcode 'outputs' to avoid re-running this script phase.\necho \"SUCCESS\" > \"${SCRIPT_OUTPUT_FILE_0}\"\n";
			showEnvVarsInLog = 0;
		};
		39979A70C641DF89B900158C /* [CP] Embed Pods Frameworks */ = {
			isa = PBXShellScriptBuildPhase;
			buildActionMask = 2147483647;
			files = (
			);
			inputFileListPaths = (
				"${PODS_ROOT}/Target Support Files/Pods-RxPractice/Pods-RxPractice-frameworks-${CONFIGURATION}-input-files.xcfilelist",
			);
			name = "[CP] Embed Pods Frameworks";
			outputFileListPaths = (
				"${PODS_ROOT}/Target Support Files/Pods-RxPractice/Pods-RxPractice-frameworks-${CONFIGURATION}-output-files.xcfilelist",
			);
			runOnlyForDeploymentPostprocessing = 0;
			shellPath = /bin/sh;
			shellScript = "\"${PODS_ROOT}/Target Support Files/Pods-RxPractice/Pods-RxPractice-frameworks.sh\"\n";
			showEnvVarsInLog = 0;
		};
/* End PBXShellScriptBuildPhase section */

/* Begin PBXSourcesBuildPhase section */
		B11C150B26B7FD7E00ECEF95 /* Sources */ = {
			isa = PBXSourcesBuildPhase;
			buildActionMask = 2147483647;
			files = (
				B11C152926B8038900ECEF95 /* RxPracticeTableViewCell.swift in Sources */,
				B11C151726B7FD7E00ECEF95 /* ViewController.swift in Sources */,
				B11C153E26BF602400ECEF95 /* PresentationController.swift in Sources */,
				B11C152C26B80E3800ECEF95 /* TestModel.swift in Sources */,
				B19687C026E0787B00D16EF9 /* ShadowView.swift in Sources */,
				B11C151326B7FD7E00ECEF95 /* AppDelegate.swift in Sources */,
				B11C151526B7FD7E00ECEF95 /* SceneDelegate.swift in Sources */,
				B19687CE26E4E04F00D16EF9 /* Tabbar.swift in Sources */,
				B11C154326BF717400ECEF95 /* ModalViewController.swift in Sources */,
			);
			runOnlyForDeploymentPostprocessing = 0;
		};
/* End PBXSourcesBuildPhase section */

/* Begin PBXVariantGroup section */
		B11C151826B7FD7E00ECEF95 /* Main.storyboard */ = {
			isa = PBXVariantGroup;
			children = (
				B11C151926B7FD7E00ECEF95 /* Base */,
			);
			name = Main.storyboard;
			sourceTree = "<group>";
		};
		B11C151D26B7FD8A00ECEF95 /* LaunchScreen.storyboard */ = {
			isa = PBXVariantGroup;
			children = (
				B11C151E26B7FD8A00ECEF95 /* Base */,
			);
			name = LaunchScreen.storyboard;
			sourceTree = "<group>";
		};
/* End PBXVariantGroup section */

/* Begin XCBuildConfiguration section */
		B11C152126B7FD8A00ECEF95 /* Debug */ = {
			isa = XCBuildConfiguration;
			buildSettings = {
				ALWAYS_SEARCH_USER_PATHS = NO;
				CLANG_ANALYZER_NONNULL = YES;
				CLANG_ANALYZER_NUMBER_OBJECT_CONVERSION = YES_AGGRESSIVE;
				CLANG_CXX_LANGUAGE_STANDARD = "gnu++14";
				CLANG_CXX_LIBRARY = "libc++";
				CLANG_ENABLE_MODULES = YES;
				CLANG_ENABLE_OBJC_ARC = YES;
				CLANG_ENABLE_OBJC_WEAK = YES;
				CLANG_WARN_BLOCK_CAPTURE_AUTORELEASING = YES;
				CLANG_WARN_BOOL_CONVERSION = YES;
				CLANG_WARN_COMMA = YES;
				CLANG_WARN_CONSTANT_CONVERSION = YES;
				CLANG_WARN_DEPRECATED_OBJC_IMPLEMENTATIONS = YES;
				CLANG_WARN_DIRECT_OBJC_ISA_USAGE = YES_ERROR;
				CLANG_WARN_DOCUMENTATION_COMMENTS = YES;
				CLANG_WARN_EMPTY_BODY = YES;
				CLANG_WARN_ENUM_CONVERSION = YES;
				CLANG_WARN_INFINITE_RECURSION = YES;
				CLANG_WARN_INT_CONVERSION = YES;
				CLANG_WARN_NON_LITERAL_NULL_CONVERSION = YES;
				CLANG_WARN_OBJC_IMPLICIT_RETAIN_SELF = YES;
				CLANG_WARN_OBJC_LITERAL_CONVERSION = YES;
				CLANG_WARN_OBJC_ROOT_CLASS = YES_ERROR;
				CLANG_WARN_QUOTED_INCLUDE_IN_FRAMEWORK_HEADER = YES;
				CLANG_WARN_RANGE_LOOP_ANALYSIS = YES;
				CLANG_WARN_STRICT_PROTOTYPES = YES;
				CLANG_WARN_SUSPICIOUS_MOVE = YES;
				CLANG_WARN_UNGUARDED_AVAILABILITY = YES_AGGRESSIVE;
				CLANG_WARN_UNREACHABLE_CODE = YES;
				CLANG_WARN__DUPLICATE_METHOD_MATCH = YES;
				COPY_PHASE_STRIP = NO;
				DEBUG_INFORMATION_FORMAT = dwarf;
				ENABLE_STRICT_OBJC_MSGSEND = YES;
				ENABLE_TESTABILITY = YES;
				GCC_C_LANGUAGE_STANDARD = gnu11;
				GCC_DYNAMIC_NO_PIC = NO;
				GCC_NO_COMMON_BLOCKS = YES;
				GCC_OPTIMIZATION_LEVEL = 0;
				GCC_PREPROCESSOR_DEFINITIONS = (
					"DEBUG=1",
					"$(inherited)",
				);
				GCC_WARN_64_TO_32_BIT_CONVERSION = YES;
				GCC_WARN_ABOUT_RETURN_TYPE = YES_ERROR;
				GCC_WARN_UNDECLARED_SELECTOR = YES;
				GCC_WARN_UNINITIALIZED_AUTOS = YES_AGGRESSIVE;
				GCC_WARN_UNUSED_FUNCTION = YES;
				GCC_WARN_UNUSED_VARIABLE = YES;
				IPHONEOS_DEPLOYMENT_TARGET = 14.5;
				MTL_ENABLE_DEBUG_INFO = INCLUDE_SOURCE;
				MTL_FAST_MATH = YES;
				ONLY_ACTIVE_ARCH = YES;
				SDKROOT = iphoneos;
				SWIFT_ACTIVE_COMPILATION_CONDITIONS = DEBUG;
				SWIFT_OPTIMIZATION_LEVEL = "-Onone";
			};
			name = Debug;
		};
		B11C152226B7FD8A00ECEF95 /* Release */ = {
			isa = XCBuildConfiguration;
			buildSettings = {
				ALWAYS_SEARCH_USER_PATHS = NO;
				CLANG_ANALYZER_NONNULL = YES;
				CLANG_ANALYZER_NUMBER_OBJECT_CONVERSION = YES_AGGRESSIVE;
				CLANG_CXX_LANGUAGE_STANDARD = "gnu++14";
				CLANG_CXX_LIBRARY = "libc++";
				CLANG_ENABLE_MODULES = YES;
				CLANG_ENABLE_OBJC_ARC = YES;
				CLANG_ENABLE_OBJC_WEAK = YES;
				CLANG_WARN_BLOCK_CAPTURE_AUTORELEASING = YES;
				CLANG_WARN_BOOL_CONVERSION = YES;
				CLANG_WARN_COMMA = YES;
				CLANG_WARN_CONSTANT_CONVERSION = YES;
				CLANG_WARN_DEPRECATED_OBJC_IMPLEMENTATIONS = YES;
				CLANG_WARN_DIRECT_OBJC_ISA_USAGE = YES_ERROR;
				CLANG_WARN_DOCUMENTATION_COMMENTS = YES;
				CLANG_WARN_EMPTY_BODY = YES;
				CLANG_WARN_ENUM_CONVERSION = YES;
				CLANG_WARN_INFINITE_RECURSION = YES;
				CLANG_WARN_INT_CONVERSION = YES;
				CLANG_WARN_NON_LITERAL_NULL_CONVERSION = YES;
				CLANG_WARN_OBJC_IMPLICIT_RETAIN_SELF = YES;
				CLANG_WARN_OBJC_LITERAL_CONVERSION = YES;
				CLANG_WARN_OBJC_ROOT_CLASS = YES_ERROR;
				CLANG_WARN_QUOTED_INCLUDE_IN_FRAMEWORK_HEADER = YES;
				CLANG_WARN_RANGE_LOOP_ANALYSIS = YES;
				CLANG_WARN_STRICT_PROTOTYPES = YES;
				CLANG_WARN_SUSPICIOUS_MOVE = YES;
				CLANG_WARN_UNGUARDED_AVAILABILITY = YES_AGGRESSIVE;
				CLANG_WARN_UNREACHABLE_CODE = YES;
				CLANG_WARN__DUPLICATE_METHOD_MATCH = YES;
				COPY_PHASE_STRIP = NO;
				DEBUG_INFORMATION_FORMAT = "dwarf-with-dsym";
				ENABLE_NS_ASSERTIONS = NO;
				ENABLE_STRICT_OBJC_MSGSEND = YES;
				GCC_C_LANGUAGE_STANDARD = gnu11;
				GCC_NO_COMMON_BLOCKS = YES;
				GCC_WARN_64_TO_32_BIT_CONVERSION = YES;
				GCC_WARN_ABOUT_RETURN_TYPE = YES_ERROR;
				GCC_WARN_UNDECLARED_SELECTOR = YES;
				GCC_WARN_UNINITIALIZED_AUTOS = YES_AGGRESSIVE;
				GCC_WARN_UNUSED_FUNCTION = YES;
				GCC_WARN_UNUSED_VARIABLE = YES;
				IPHONEOS_DEPLOYMENT_TARGET = 14.5;
				MTL_ENABLE_DEBUG_INFO = NO;
				MTL_FAST_MATH = YES;
				SDKROOT = iphoneos;
				SWIFT_COMPILATION_MODE = wholemodule;
				SWIFT_OPTIMIZATION_LEVEL = "-O";
				VALIDATE_PRODUCT = YES;
			};
			name = Release;
		};
		B11C152426B7FD8A00ECEF95 /* Debug */ = {
			isa = XCBuildConfiguration;
			baseConfigurationReference = 378C1ACD7DBFA584A1D0A9AF /* Pods-RxPractice.debug.xcconfig */;
			buildSettings = {
				ASSETCATALOG_COMPILER_APPICON_NAME = AppIcon;
				ASSETCATALOG_COMPILER_GLOBAL_ACCENT_COLOR_NAME = AccentColor;
				CODE_SIGN_STYLE = Automatic;
				DEVELOPMENT_TEAM = SU8T54KMJ6;
				INFOPLIST_FILE = RxPractice/Info.plist;
				LD_RUNPATH_SEARCH_PATHS = (
					"$(inherited)",
					"@executable_path/Frameworks",
				);
				PRODUCT_BUNDLE_IDENTIFIER = com.teruaki.RxPractice;
				PRODUCT_NAME = "$(TARGET_NAME)";
				SWIFT_VERSION = 5.0;
				TARGETED_DEVICE_FAMILY = "1,2";
			};
			name = Debug;
		};
		B11C152526B7FD8A00ECEF95 /* Release */ = {
			isa = XCBuildConfiguration;
			baseConfigurationReference = 6FE9A2103195EAF0B8D5875E /* Pods-RxPractice.release.xcconfig */;
			buildSettings = {
				ASSETCATALOG_COMPILER_APPICON_NAME = AppIcon;
				ASSETCATALOG_COMPILER_GLOBAL_ACCENT_COLOR_NAME = AccentColor;
				CODE_SIGN_STYLE = Automatic;
				DEVELOPMENT_TEAM = SU8T54KMJ6;
				INFOPLIST_FILE = RxPractice/Info.plist;
				LD_RUNPATH_SEARCH_PATHS = (
					"$(inherited)",
					"@executable_path/Frameworks",
				);
				PRODUCT_BUNDLE_IDENTIFIER = com.teruaki.RxPractice;
				PRODUCT_NAME = "$(TARGET_NAME)";
				SWIFT_VERSION = 5.0;
				TARGETED_DEVICE_FAMILY = "1,2";
			};
			name = Release;
		};
/* End XCBuildConfiguration section */

/* Begin XCConfigurationList section */
		B11C150A26B7FD7E00ECEF95 /* Build configuration list for PBXProject "RxPractice" */ = {
			isa = XCConfigurationList;
			buildConfigurations = (
				B11C152126B7FD8A00ECEF95 /* Debug */,
				B11C152226B7FD8A00ECEF95 /* Release */,
			);
			defaultConfigurationIsVisible = 0;
			defaultConfigurationName = Release;
		};
		B11C152326B7FD8A00ECEF95 /* Build configuration list for PBXNativeTarget "RxPractice" */ = {
			isa = XCConfigurationList;
			buildConfigurations = (
				B11C152426B7FD8A00ECEF95 /* Debug */,
				B11C152526B7FD8A00ECEF95 /* Release */,
			);
			defaultConfigurationIsVisible = 0;
			defaultConfigurationName = Release;
		};
/* End XCConfigurationList section */
	};
	rootObject = B11C150726B7FD7E00ECEF95 /* Project object */;
}
