// !$*UTF8*$!
{
	archiveVersion = 1;
	classes = {
	};
	objectVersion = 50;
	objects = {

/* Begin PBXBuildFile section */
		B112B0DC25D9D96B008CD553 /* AppDelegate.swift in Sources */ = {isa = PBXBuildFile; fileRef = B112B0DB25D9D96B008CD553 /* AppDelegate.swift */; };
		B112B0DE25D9D96B008CD553 /* SceneDelegate.swift in Sources */ = {isa = PBXBuildFile; fileRef = B112B0DD25D9D96B008CD553 /* SceneDelegate.swift */; };
		B112B0E025D9D96B008CD553 /* ViewController.swift in Sources */ = {isa = PBXBuildFile; fileRef = B112B0DF25D9D96B008CD553 /* ViewController.swift */; };
		B112B0E325D9D96B008CD553 /* Main.storyboard in Resources */ = {isa = PBXBuildFile; fileRef = B112B0E125D9D96B008CD553 /* Main.storyboard */; };
		B112B0E525D9D96B008CD553 /* Assets.xcassets in Resources */ = {isa = PBXBuildFile; fileRef = B112B0E425D9D96B008CD553 /* Assets.xcassets */; };
		B112B0E825D9D96B008CD553 /* LaunchScreen.storyboard in Resources */ = {isa = PBXBuildFile; fileRef = B112B0E625D9D96B008CD553 /* LaunchScreen.storyboard */; };
		B112B0F225D9DAA8008CD553 /* NextViewController.swift in Sources */ = {isa = PBXBuildFile; fileRef = B112B0F125D9DAA8008CD553 /* NextViewController.swift */; };
/* End PBXBuildFile section */

/* Begin PBXFileReference section */
		B112B0D825D9D96B008CD553 /* TableViewSelf.app */ = {isa = PBXFileReference; explicitFileType = wrapper.application; includeInIndex = 0; path = TableViewSelf.app; sourceTree = BUILT_PRODUCTS_DIR; };
		B112B0DB25D9D96B008CD553 /* AppDelegate.swift */ = {isa = PBXFileReference; lastKnownFileType = sourcecode.swift; path = AppDelegate.swift; sourceTree = "<group>"; };
		B112B0DD25D9D96B008CD553 /* SceneDelegate.swift */ = {isa = PBXFileReference; lastKnownFileType = sourcecode.swift; path = SceneDelegate.swift; sourceTree = "<group>"; };
		B112B0DF25D9D96B008CD553 /* ViewController.swift */ = {isa = PBXFileReference; lastKnownFileType = sourcecode.swift; path = ViewController.swift; sourceTree = "<group>"; };
		B112B0E225D9D96B008CD553 /* Base */ = {isa = PBXFileReference; lastKnownFileType = file.storyboard; name = Base; path = Base.lproj/Main.storyboard; sourceTree = "<group>"; };
		B112B0E425D9D96B008CD553 /* Assets.xcassets */ = {isa = PBXFileReference; lastKnownFileType = folder.assetcatalog; path = Assets.xcassets; sourceTree = "<group>"; };
		B112B0E725D9D96B008CD553 /* Base */ = {isa = PBXFileReference; lastKnownFileType = file.storyboard; name = Base; path = Base.lproj/LaunchScreen.storyboard; sourceTree = "<group>"; };
		B112B0E925D9D96B008CD553 /* Info.plist */ = {isa = PBXFileReference; lastKnownFileType = text.plist.xml; path = Info.plist; sourceTree = "<group>"; };
		B112B0F125D9DAA8008CD553 /* NextViewController.swift */ = {isa = PBXFileReference; lastKnownFileType = sourcecode.swift; path = NextViewController.swift; sourceTree = "<group>"; };
/* End PBXFileReference section */

/* Begin PBXFrameworksBuildPhase section */
		B112B0D525D9D96B008CD553 /* Frameworks */ = {
			isa = PBXFrameworksBuildPhase;
			buildActionMask = 2147483647;
			files = (
			);
			runOnlyForDeploymentPostprocessing = 0;
		};
/* End PBXFrameworksBuildPhase section */

/* Begin PBXGroup section */
		B112B0CF25D9D96B008CD553 = {
			isa = PBXGroup;
			children = (
				B112B0DA25D9D96B008CD553 /* TableViewSelf */,
				B112B0D925D9D96B008CD553 /* Products */,
			);
			sourceTree = "<group>";
		};
		B112B0D925D9D96B008CD553 /* Products */ = {
			isa = PBXGroup;
			children = (
				B112B0D825D9D96B008CD553 /* TableViewSelf.app */,
			);
			name = Products;
			sourceTree = "<group>";
		};
		B112B0DA25D9D96B008CD553 /* TableViewSelf */ = {
			isa = PBXGroup;
			children = (
				B112B0DB25D9D96B008CD553 /* AppDelegate.swift */,
				B112B0DD25D9D96B008CD553 /* SceneDelegate.swift */,
				B112B0DF25D9D96B008CD553 /* ViewController.swift */,
				B112B0F125D9DAA8008CD553 /* NextViewController.swift */,
				B112B0E125D9D96B008CD553 /* Main.storyboard */,
				B112B0E425D9D96B008CD553 /* Assets.xcassets */,
				B112B0E625D9D96B008CD553 /* LaunchScreen.storyboard */,
				B112B0E925D9D96B008CD553 /* Info.plist */,
			);
			path = TableViewSelf;
			sourceTree = "<group>";
		};
/* End PBXGroup section */

/* Begin PBXNativeTarget section */
		B112B0D725D9D96B008CD553 /* TableViewSelf */ = {
			isa = PBXNativeTarget;
			buildConfigurationList = B112B0EC25D9D96B008CD553 /* Build configuration list for PBXNativeTarget "TableViewSelf" */;
			buildPhases = (
				B112B0D425D9D96B008CD553 /* Sources */,
				B112B0D525D9D96B008CD553 /* Frameworks */,
				B112B0D625D9D96B008CD553 /* Resources */,
			);
			buildRules = (
			);
			dependencies = (
			);
			name = TableViewSelf;
			productName = TableViewSelf;
			productReference = B112B0D825D9D96B008CD553 /* TableViewSelf.app */;
			productType = "com.apple.product-type.application";
		};
/* End PBXNativeTarget section */

/* Begin PBXProject section */
		B112B0D025D9D96B008CD553 /* Project object */ = {
			isa = PBXProject;
			attributes = {
				LastSwiftUpdateCheck = 1240;
				LastUpgradeCheck = 1240;
				TargetAttributes = {
					B112B0D725D9D96B008CD553 = {
						CreatedOnToolsVersion = 12.4;
					};
				};
			};
			buildConfigurationList = B112B0D325D9D96B008CD553 /* Build configuration list for PBXProject "TableViewSelf" */;
			compatibilityVersion = "Xcode 9.3";
			developmentRegion = en;
			hasScannedForEncodings = 0;
			knownRegions = (
				en,
				Base,
			);
			mainGroup = B112B0CF25D9D96B008CD553;
			productRefGroup = B112B0D925D9D96B008CD553 /* Products */;
			projectDirPath = "";
			projectRoot = "";
			targets = (
				B112B0D725D9D96B008CD553 /* TableViewSelf */,
			);
		};
/* End PBXProject section */

/* Begin PBXResourcesBuildPhase section */
		B112B0D625D9D96B008CD553 /* Resources */ = {
			isa = PBXResourcesBuildPhase;
			buildActionMask = 2147483647;
			files = (
				B112B0E825D9D96B008CD553 /* LaunchScreen.storyboard in Resources */,
				B112B0E525D9D96B008CD553 /* Assets.xcassets in Resources */,
				B112B0E325D9D96B008CD553 /* Main.storyboard in Resources */,
			);
			runOnlyForDeploymentPostprocessing = 0;
		};
/* End PBXResourcesBuildPhase section */

/* Begin PBXSourcesBuildPhase section */
		B112B0D425D9D96B008CD553 /* Sources */ = {
			isa = PBXSourcesBuildPhase;
			buildActionMask = 2147483647;
			files = (
				B112B0E025D9D96B008CD553 /* ViewController.swift in Sources */,
				B112B0F225D9DAA8008CD553 /* NextViewController.swift in Sources */,
				B112B0DC25D9D96B008CD553 /* AppDelegate.swift in Sources */,
				B112B0DE25D9D96B008CD553 /* SceneDelegate.swift in Sources */,
			);
			runOnlyForDeploymentPostprocessing = 0;
		};
/* End PBXSourcesBuildPhase section */

/* Begin PBXVariantGroup section */
		B112B0E125D9D96B008CD553 /* Main.storyboard */ = {
			isa = PBXVariantGroup;
			children = (
				B112B0E225D9D96B008CD553 /* Base */,
			);
			name = Main.storyboard;
			sourceTree = "<group>";
		};
		B112B0E625D9D96B008CD553 /* LaunchScreen.storyboard */ = {
			isa = PBXVariantGroup;
			children = (
				B112B0E725D9D96B008CD553 /* Base */,
			);
			name = LaunchScreen.storyboard;
			sourceTree = "<group>";
		};
/* End PBXVariantGroup section */

/* Begin XCBuildConfiguration section */
		B112B0EA25D9D96B008CD553 /* Debug */ = {
			isa = XCBuildConfiguration;
			buildSettings = {
				ALWAYS_SEARCH_USER_PATHS = NO;
				CLANG_ANALYZER_NONNULL = YES;
				CLANG_ANALYZER_NUMBER_OBJECT_CONVERSION = YES_AGGRESSIVE;
				CLANG_CXX_LANGUAGE_STANDARD = "gnu++14";
				CLANG_CXX_LIBRARY = "libc++";
				CLANG_ENABLE_MODULES = YES;
				CLANG_ENABLE_OBJC_ARC = YES;
				CLANG_ENABLE_OBJC_WEAK = YES;
				CLANG_WARN_BLOCK_CAPTURE_AUTORELEASING = YES;
				CLANG_WARN_BOOL_CONVERSION = YES;
				CLANG_WARN_COMMA = YES;
				CLANG_WARN_CONSTANT_CONVERSION = YES;
				CLANG_WARN_DEPRECATED_OBJC_IMPLEMENTATIONS = YES;
				CLANG_WARN_DIRECT_OBJC_ISA_USAGE = YES_ERROR;
				CLANG_WARN_DOCUMENTATION_COMMENTS = YES;
				CLANG_WARN_EMPTY_BODY = YES;
				CLANG_WARN_ENUM_CONVERSION = YES;
				CLANG_WARN_INFINITE_RECURSION = YES;
				CLANG_WARN_INT_CONVERSION = YES;
				CLANG_WARN_NON_LITERAL_NULL_CONVERSION = YES;
				CLANG_WARN_OBJC_IMPLICIT_RETAIN_SELF = YES;
				CLANG_WARN_OBJC_LITERAL_CONVERSION = YES;
				CLANG_WARN_OBJC_ROOT_CLASS = YES_ERROR;
				CLANG_WARN_QUOTED_INCLUDE_IN_FRAMEWORK_HEADER = YES;
				CLANG_WARN_RANGE_LOOP_ANALYSIS = YES;
				CLANG_WARN_STRICT_PROTOTYPES = YES;
				CLANG_WARN_SUSPICIOUS_MOVE = YES;
				CLANG_WARN_UNGUARDED_AVAILABILITY = YES_AGGRESSIVE;
				CLANG_WARN_UNREACHABLE_CODE = YES;
				CLANG_WARN__DUPLICATE_METHOD_MATCH = YES;
				COPY_PHASE_STRIP = NO;
				DEBUG_INFORMATION_FORMAT = dwarf;
				ENABLE_STRICT_OBJC_MSGSEND = YES;
				ENABLE_TESTABILITY = YES;
				GCC_C_LANGUAGE_STANDARD = gnu11;
				GCC_DYNAMIC_NO_PIC = NO;
				GCC_NO_COMMON_BLOCKS = YES;
				GCC_OPTIMIZATION_LEVEL = 0;
				GCC_PREPROCESSOR_DEFINITIONS = (
					"DEBUG=1",
					"$(inherited)",
				);
				GCC_WARN_64_TO_32_BIT_CONVERSION = YES;
				GCC_WARN_ABOUT_RETURN_TYPE = YES_ERROR;
				GCC_WARN_UNDECLARED_SELECTOR = YES;
				GCC_WARN_UNINITIALIZED_AUTOS = YES_AGGRESSIVE;
				GCC_WARN_UNUSED_FUNCTION = YES;
				GCC_WARN_UNUSED_VARIABLE = YES;
				IPHONEOS_DEPLOYMENT_TARGET = 14.4;
				MTL_ENABLE_DEBUG_INFO = INCLUDE_SOURCE;
				MTL_FAST_MATH = YES;
				ONLY_ACTIVE_ARCH = YES;
				SDKROOT = iphoneos;
				SWIFT_ACTIVE_COMPILATION_CONDITIONS = DEBUG;
				SWIFT_OPTIMIZATION_LEVEL = "-Onone";
			};
			name = Debug;
		};
		B112B0EB25D9D96B008CD553 /* Release */ = {
			isa = XCBuildConfiguration;
			buildSettings = {
				ALWAYS_SEARCH_USER_PATHS = NO;
				CLANG_ANALYZER_NONNULL = YES;
				CLANG_ANALYZER_NUMBER_OBJECT_CONVERSION = YES_AGGRESSIVE;
				CLANG_CXX_LANGUAGE_STANDARD = "gnu++14";
				CLANG_CXX_LIBRARY = "libc++";
				CLANG_ENABLE_MODULES = YES;
				CLANG_ENABLE_OBJC_ARC = YES;
				CLANG_ENABLE_OBJC_WEAK = YES;
				CLANG_WARN_BLOCK_CAPTURE_AUTORELEASING = YES;
				CLANG_WARN_BOOL_CONVERSION = YES;
				CLANG_WARN_COMMA = YES;
				CLANG_WARN_CONSTANT_CONVERSION = YES;
				CLANG_WARN_DEPRECATED_OBJC_IMPLEMENTATIONS = YES;
				CLANG_WARN_DIRECT_OBJC_ISA_USAGE = YES_ERROR;
				CLANG_WARN_DOCUMENTATION_COMMENTS = YES;
				CLANG_WARN_EMPTY_BODY = YES;
				CLANG_WARN_ENUM_CONVERSION = YES;
				CLANG_WARN_INFINITE_RECURSION = YES;
				CLANG_WARN_INT_CONVERSION = YES;
				CLANG_WARN_NON_LITERAL_NULL_CONVERSION = YES;
				CLANG_WARN_OBJC_IMPLICIT_RETAIN_SELF = YES;
				CLANG_WARN_OBJC_LITERAL_CONVERSION = YES;
				CLANG_WARN_OBJC_ROOT_CLASS = YES_ERROR;
				CLANG_WARN_QUOTED_INCLUDE_IN_FRAMEWORK_HEADER = YES;
				CLANG_WARN_RANGE_LOOP_ANALYSIS = YES;
				CLANG_WARN_STRICT_PROTOTYPES = YES;
				CLANG_WARN_SUSPICIOUS_MOVE = YES;
				CLANG_WARN_UNGUARDED_AVAILABILITY = YES_AGGRESSIVE;
				CLANG_WARN_UNREACHABLE_CODE = YES;
				CLANG_WARN__DUPLICATE_METHOD_MATCH = YES;
				COPY_PHASE_STRIP = NO;
				DEBUG_INFORMATION_FORMAT = "dwarf-with-dsym";
				ENABLE_NS_ASSERTIONS = NO;
				ENABLE_STRICT_OBJC_MSGSEND = YES;
				GCC_C_LANGUAGE_STANDARD = gnu11;
				GCC_NO_COMMON_BLOCKS = YES;
				GCC_WARN_64_TO_32_BIT_CONVERSION = YES;
				GCC_WARN_ABOUT_RETURN_TYPE = YES_ERROR;
				GCC_WARN_UNDECLARED_SELECTOR = YES;
				GCC_WARN_UNINITIALIZED_AUTOS = YES_AGGRESSIVE;
				GCC_WARN_UNUSED_FUNCTION = YES;
				GCC_WARN_UNUSED_VARIABLE = YES;
				IPHONEOS_DEPLOYMENT_TARGET = 14.4;
				MTL_ENABLE_DEBUG_INFO = NO;
				MTL_FAST_MATH = YES;
				SDKROOT = iphoneos;
				SWIFT_COMPILATION_MODE = wholemodule;
				SWIFT_OPTIMIZATION_LEVEL = "-O";
				VALIDATE_PRODUCT = YES;
			};
			name = Release;
		};
		B112B0ED25D9D96B008CD553 /* Debug */ = {
			isa = XCBuildConfiguration;
			buildSettings = {
				ASSETCATALOG_COMPILER_APPICON_NAME = AppIcon;
				ASSETCATALOG_COMPILER_GLOBAL_ACCENT_COLOR_NAME = AccentColor;
				CODE_SIGN_STYLE = Automatic;
				DEVELOPMENT_TEAM = SU8T54KMJ6;
				INFOPLIST_FILE = TableViewSelf/Info.plist;
				LD_RUNPATH_SEARCH_PATHS = (
					"$(inherited)",
					"@executable_path/Frameworks",
				);
				PRODUCT_BUNDLE_IDENTIFIER = com.teruaki.TableViewSelf;
				PRODUCT_NAME = "$(TARGET_NAME)";
				SWIFT_VERSION = 5.0;
				TARGETED_DEVICE_FAMILY = 1;
			};
			name = Debug;
		};
		B112B0EE25D9D96B008CD553 /* Release */ = {
			isa = XCBuildConfiguration;
			buildSettings = {
				ASSETCATALOG_COMPILER_APPICON_NAME = AppIcon;
				ASSETCATALOG_COMPILER_GLOBAL_ACCENT_COLOR_NAME = AccentColor;
				CODE_SIGN_STYLE = Automatic;
				DEVELOPMENT_TEAM = SU8T54KMJ6;
				INFOPLIST_FILE = TableViewSelf/Info.plist;
				LD_RUNPATH_SEARCH_PATHS = (
					"$(inherited)",
					"@executable_path/Frameworks",
				);
				PRODUCT_BUNDLE_IDENTIFIER = com.teruaki.TableViewSelf;
				PRODUCT_NAME = "$(TARGET_NAME)";
				SWIFT_VERSION = 5.0;
				TARGETED_DEVICE_FAMILY = 1;
			};
			name = Release;
		};
/* End XCBuildConfiguration section */

/* Begin XCConfigurationList section */
		B112B0D325D9D96B008CD553 /* Build configuration list for PBXProject "TableViewSelf" */ = {
			isa = XCConfigurationList;
			buildConfigurations = (
				B112B0EA25D9D96B008CD553 /* Debug */,
				B112B0EB25D9D96B008CD553 /* Release */,
			);
			defaultConfigurationIsVisible = 0;
			defaultConfigurationName = Release;
		};
		B112B0EC25D9D96B008CD553 /* Build configuration list for PBXNativeTarget "TableViewSelf" */ = {
			isa = XCConfigurationList;
			buildConfigurations = (
				B112B0ED25D9D96B008CD553 /* Debug */,
				B112B0EE25D9D96B008CD553 /* Release */,
			);
			defaultConfigurationIsVisible = 0;
			defaultConfigurationName = Release;
		};
/* End XCConfigurationList section */
	};
	rootObject = B112B0D025D9D96B008CD553 /* Project object */;
}
