// !$*UTF8*$!
{
	archiveVersion = 1;
	classes = {
	};
	objectVersion = 50;
	objects = {

/* Begin PBXBuildFile section */
		B116863F25DDD6A900F8C004 /* correct.png in Resources */ = {isa = PBXBuildFile; fileRef = B116863D25DDD6A900F8C004 /* correct.png */; };
		B116864025DDD6A900F8C004 /* incorrect.png in Resources */ = {isa = PBXBuildFile; fileRef = B116863E25DDD6A900F8C004 /* incorrect.png */; };
		B1CD16EE25DD3955002F218D /* AppDelegate.swift in Sources */ = {isa = PBXBuildFile; fileRef = B1CD16ED25DD3955002F218D /* AppDelegate.swift */; };
		B1CD16F025DD3955002F218D /* SceneDelegate.swift in Sources */ = {isa = PBXBuildFile; fileRef = B1CD16EF25DD3955002F218D /* SceneDelegate.swift */; };
		B1CD16F225DD3955002F218D /* ViewController.swift in Sources */ = {isa = PBXBuildFile; fileRef = B1CD16F125DD3955002F218D /* ViewController.swift */; };
		B1CD16F525DD3955002F218D /* Main.storyboard in Resources */ = {isa = PBXBuildFile; fileRef = B1CD16F325DD3955002F218D /* Main.storyboard */; };
		B1CD16F725DD395B002F218D /* Assets.xcassets in Resources */ = {isa = PBXBuildFile; fileRef = B1CD16F625DD395B002F218D /* Assets.xcassets */; };
		B1CD16FA25DD395B002F218D /* LaunchScreen.storyboard in Resources */ = {isa = PBXBuildFile; fileRef = B1CD16F825DD395B002F218D /* LaunchScreen.storyboard */; };
		B1CD170325DD3ADE002F218D /* QuizViewController.swift in Sources */ = {isa = PBXBuildFile; fileRef = B1CD170225DD3ADE002F218D /* QuizViewController.swift */; };
		B1CD170625DD3B4D002F218D /* ScoreViewController.swift in Sources */ = {isa = PBXBuildFile; fileRef = B1CD170525DD3B4D002F218D /* ScoreViewController.swift */; };
		B1CD170B25DD4269002F218D /* quiz.csv in Resources */ = {isa = PBXBuildFile; fileRef = B1CD170A25DD4269002F218D /* quiz.csv */; };
/* End PBXBuildFile section */

/* Begin PBXFileReference section */
		B116863D25DDD6A900F8C004 /* correct.png */ = {isa = PBXFileReference; lastKnownFileType = image.png; path = correct.png; sourceTree = "<group>"; };
		B116863E25DDD6A900F8C004 /* incorrect.png */ = {isa = PBXFileReference; lastKnownFileType = image.png; path = incorrect.png; sourceTree = "<group>"; };
		B1CD16EA25DD3955002F218D /* QuizApp.app */ = {isa = PBXFileReference; explicitFileType = wrapper.application; includeInIndex = 0; path = QuizApp.app; sourceTree = BUILT_PRODUCTS_DIR; };
		B1CD16ED25DD3955002F218D /* AppDelegate.swift */ = {isa = PBXFileReference; lastKnownFileType = sourcecode.swift; path = AppDelegate.swift; sourceTree = "<group>"; };
		B1CD16EF25DD3955002F218D /* SceneDelegate.swift */ = {isa = PBXFileReference; lastKnownFileType = sourcecode.swift; path = SceneDelegate.swift; sourceTree = "<group>"; };
		B1CD16F125DD3955002F218D /* ViewController.swift */ = {isa = PBXFileReference; lastKnownFileType = sourcecode.swift; path = ViewController.swift; sourceTree = "<group>"; };
		B1CD16F425DD3955002F218D /* Base */ = {isa = PBXFileReference; lastKnownFileType = file.storyboard; name = Base; path = Base.lproj/Main.storyboard; sourceTree = "<group>"; };
		B1CD16F625DD395B002F218D /* Assets.xcassets */ = {isa = PBXFileReference; lastKnownFileType = folder.assetcatalog; path = Assets.xcassets; sourceTree = "<group>"; };
		B1CD16F925DD395B002F218D /* Base */ = {isa = PBXFileReference; lastKnownFileType = file.storyboard; name = Base; path = Base.lproj/LaunchScreen.storyboard; sourceTree = "<group>"; };
		B1CD16FB25DD395B002F218D /* Info.plist */ = {isa = PBXFileReference; lastKnownFileType = text.plist.xml; path = Info.plist; sourceTree = "<group>"; };
		B1CD170225DD3ADE002F218D /* QuizViewController.swift */ = {isa = PBXFileReference; lastKnownFileType = sourcecode.swift; path = QuizViewController.swift; sourceTree = "<group>"; };
		B1CD170525DD3B4D002F218D /* ScoreViewController.swift */ = {isa = PBXFileReference; lastKnownFileType = sourcecode.swift; path = ScoreViewController.swift; sourceTree = "<group>"; };
		B1CD170A25DD4269002F218D /* quiz.csv */ = {isa = PBXFileReference; lastKnownFileType = text; path = quiz.csv; sourceTree = "<group>"; };
/* End PBXFileReference section */

/* Begin PBXFrameworksBuildPhase section */
		B1CD16E725DD3955002F218D /* Frameworks */ = {
			isa = PBXFrameworksBuildPhase;
			buildActionMask = 2147483647;
			files = (
			);
			runOnlyForDeploymentPostprocessing = 0;
		};
/* End PBXFrameworksBuildPhase section */

/* Begin PBXGroup section */
		B116863C25DDD6A900F8C004 /* image */ = {
			isa = PBXGroup;
			children = (
				B116863D25DDD6A900F8C004 /* correct.png */,
				B116863E25DDD6A900F8C004 /* incorrect.png */,
			);
			path = image;
			sourceTree = "<group>";
		};
		B1CD16E125DD3955002F218D = {
			isa = PBXGroup;
			children = (
				B1CD16EC25DD3955002F218D /* QuizApp */,
				B1CD16EB25DD3955002F218D /* Products */,
			);
			sourceTree = "<group>";
		};
		B1CD16EB25DD3955002F218D /* Products */ = {
			isa = PBXGroup;
			children = (
				B1CD16EA25DD3955002F218D /* QuizApp.app */,
			);
			name = Products;
			sourceTree = "<group>";
		};
		B1CD16EC25DD3955002F218D /* QuizApp */ = {
			isa = PBXGroup;
			children = (
				B1CD16ED25DD3955002F218D /* AppDelegate.swift */,
				B1CD16EF25DD3955002F218D /* SceneDelegate.swift */,
				B1CD16F125DD3955002F218D /* ViewController.swift */,
				B1CD170225DD3ADE002F218D /* QuizViewController.swift */,
				B1CD170525DD3B4D002F218D /* ScoreViewController.swift */,
				B1CD16F325DD3955002F218D /* Main.storyboard */,
				B1CD170A25DD4269002F218D /* quiz.csv */,
				B1CD16F625DD395B002F218D /* Assets.xcassets */,
				B116863C25DDD6A900F8C004 /* image */,
				B1CD16F825DD395B002F218D /* LaunchScreen.storyboard */,
				B1CD16FB25DD395B002F218D /* Info.plist */,
			);
			path = QuizApp;
			sourceTree = "<group>";
		};
/* End PBXGroup section */

/* Begin PBXNativeTarget section */
		B1CD16E925DD3955002F218D /* QuizApp */ = {
			isa = PBXNativeTarget;
			buildConfigurationList = B1CD16FE25DD395B002F218D /* Build configuration list for PBXNativeTarget "QuizApp" */;
			buildPhases = (
				B1CD16E625DD3955002F218D /* Sources */,
				B1CD16E725DD3955002F218D /* Frameworks */,
				B1CD16E825DD3955002F218D /* Resources */,
			);
			buildRules = (
			);
			dependencies = (
			);
			name = QuizApp;
			productName = QuizApp;
			productReference = B1CD16EA25DD3955002F218D /* QuizApp.app */;
			productType = "com.apple.product-type.application";
		};
/* End PBXNativeTarget section */

/* Begin PBXProject section */
		B1CD16E225DD3955002F218D /* Project object */ = {
			isa = PBXProject;
			attributes = {
				LastSwiftUpdateCheck = 1240;
				LastUpgradeCheck = 1240;
				TargetAttributes = {
					B1CD16E925DD3955002F218D = {
						CreatedOnToolsVersion = 12.4;
					};
				};
			};
			buildConfigurationList = B1CD16E525DD3955002F218D /* Build configuration list for PBXProject "QuizApp" */;
			compatibilityVersion = "Xcode 9.3";
			developmentRegion = en;
			hasScannedForEncodings = 0;
			knownRegions = (
				en,
				Base,
			);
			mainGroup = B1CD16E125DD3955002F218D;
			productRefGroup = B1CD16EB25DD3955002F218D /* Products */;
			projectDirPath = "";
			projectRoot = "";
			targets = (
				B1CD16E925DD3955002F218D /* QuizApp */,
			);
		};
/* End PBXProject section */

/* Begin PBXResourcesBuildPhase section */
		B1CD16E825DD3955002F218D /* Resources */ = {
			isa = PBXResourcesBuildPhase;
			buildActionMask = 2147483647;
			files = (
				B116863F25DDD6A900F8C004 /* correct.png in Resources */,
				B116864025DDD6A900F8C004 /* incorrect.png in Resources */,
				B1CD16FA25DD395B002F218D /* LaunchScreen.storyboard in Resources */,
				B1CD16F725DD395B002F218D /* Assets.xcassets in Resources */,
				B1CD16F525DD3955002F218D /* Main.storyboard in Resources */,
				B1CD170B25DD4269002F218D /* quiz.csv in Resources */,
			);
			runOnlyForDeploymentPostprocessing = 0;
		};
/* End PBXResourcesBuildPhase section */

/* Begin PBXSourcesBuildPhase section */
		B1CD16E625DD3955002F218D /* Sources */ = {
			isa = PBXSourcesBuildPhase;
			buildActionMask = 2147483647;
			files = (
				B1CD16F225DD3955002F218D /* ViewController.swift in Sources */,
				B1CD16EE25DD3955002F218D /* AppDelegate.swift in Sources */,
				B1CD170625DD3B4D002F218D /* ScoreViewController.swift in Sources */,
				B1CD16F025DD3955002F218D /* SceneDelegate.swift in Sources */,
				B1CD170325DD3ADE002F218D /* QuizViewController.swift in Sources */,
			);
			runOnlyForDeploymentPostprocessing = 0;
		};
/* End PBXSourcesBuildPhase section */

/* Begin PBXVariantGroup section */
		B1CD16F325DD3955002F218D /* Main.storyboard */ = {
			isa = PBXVariantGroup;
			children = (
				B1CD16F425DD3955002F218D /* Base */,
			);
			name = Main.storyboard;
			sourceTree = "<group>";
		};
		B1CD16F825DD395B002F218D /* LaunchScreen.storyboard */ = {
			isa = PBXVariantGroup;
			children = (
				B1CD16F925DD395B002F218D /* Base */,
			);
			name = LaunchScreen.storyboard;
			sourceTree = "<group>";
		};
/* End PBXVariantGroup section */

/* Begin XCBuildConfiguration section */
		B1CD16FC25DD395B002F218D /* Debug */ = {
			isa = XCBuildConfiguration;
			buildSettings = {
				ALWAYS_SEARCH_USER_PATHS = NO;
				CLANG_ANALYZER_NONNULL = YES;
				CLANG_ANALYZER_NUMBER_OBJECT_CONVERSION = YES_AGGRESSIVE;
				CLANG_CXX_LANGUAGE_STANDARD = "gnu++14";
				CLANG_CXX_LIBRARY = "libc++";
				CLANG_ENABLE_MODULES = YES;
				CLANG_ENABLE_OBJC_ARC = YES;
				CLANG_ENABLE_OBJC_WEAK = YES;
				CLANG_WARN_BLOCK_CAPTURE_AUTORELEASING = YES;
				CLANG_WARN_BOOL_CONVERSION = YES;
				CLANG_WARN_COMMA = YES;
				CLANG_WARN_CONSTANT_CONVERSION = YES;
				CLANG_WARN_DEPRECATED_OBJC_IMPLEMENTATIONS = YES;
				CLANG_WARN_DIRECT_OBJC_ISA_USAGE = YES_ERROR;
				CLANG_WARN_DOCUMENTATION_COMMENTS = YES;
				CLANG_WARN_EMPTY_BODY = YES;
				CLANG_WARN_ENUM_CONVERSION = YES;
				CLANG_WARN_INFINITE_RECURSION = YES;
				CLANG_WARN_INT_CONVERSION = YES;
				CLANG_WARN_NON_LITERAL_NULL_CONVERSION = YES;
				CLANG_WARN_OBJC_IMPLICIT_RETAIN_SELF = YES;
				CLANG_WARN_OBJC_LITERAL_CONVERSION = YES;
				CLANG_WARN_OBJC_ROOT_CLASS = YES_ERROR;
				CLANG_WARN_QUOTED_INCLUDE_IN_FRAMEWORK_HEADER = YES;
				CLANG_WARN_RANGE_LOOP_ANALYSIS = YES;
				CLANG_WARN_STRICT_PROTOTYPES = YES;
				CLANG_WARN_SUSPICIOUS_MOVE = YES;
				CLANG_WARN_UNGUARDED_AVAILABILITY = YES_AGGRESSIVE;
				CLANG_WARN_UNREACHABLE_CODE = YES;
				CLANG_WARN__DUPLICATE_METHOD_MATCH = YES;
				COPY_PHASE_STRIP = NO;
				DEBUG_INFORMATION_FORMAT = dwarf;
				ENABLE_STRICT_OBJC_MSGSEND = YES;
				ENABLE_TESTABILITY = YES;
				GCC_C_LANGUAGE_STANDARD = gnu11;
				GCC_DYNAMIC_NO_PIC = NO;
				GCC_NO_COMMON_BLOCKS = YES;
				GCC_OPTIMIZATION_LEVEL = 0;
				GCC_PREPROCESSOR_DEFINITIONS = (
					"DEBUG=1",
					"$(inherited)",
				);
				GCC_WARN_64_TO_32_BIT_CONVERSION = YES;
				GCC_WARN_ABOUT_RETURN_TYPE = YES_ERROR;
				GCC_WARN_UNDECLARED_SELECTOR = YES;
				GCC_WARN_UNINITIALIZED_AUTOS = YES_AGGRESSIVE;
				GCC_WARN_UNUSED_FUNCTION = YES;
				GCC_WARN_UNUSED_VARIABLE = YES;
				IPHONEOS_DEPLOYMENT_TARGET = 14.4;
				MTL_ENABLE_DEBUG_INFO = INCLUDE_SOURCE;
				MTL_FAST_MATH = YES;
				ONLY_ACTIVE_ARCH = YES;
				SDKROOT = iphoneos;
				SWIFT_ACTIVE_COMPILATION_CONDITIONS = DEBUG;
				SWIFT_OPTIMIZATION_LEVEL = "-Onone";
			};
			name = Debug;
		};
		B1CD16FD25DD395B002F218D /* Release */ = {
			isa = XCBuildConfiguration;
			buildSettings = {
				ALWAYS_SEARCH_USER_PATHS = NO;
				CLANG_ANALYZER_NONNULL = YES;
				CLANG_ANALYZER_NUMBER_OBJECT_CONVERSION = YES_AGGRESSIVE;
				CLANG_CXX_LANGUAGE_STANDARD = "gnu++14";
				CLANG_CXX_LIBRARY = "libc++";
				CLANG_ENABLE_MODULES = YES;
				CLANG_ENABLE_OBJC_ARC = YES;
				CLANG_ENABLE_OBJC_WEAK = YES;
				CLANG_WARN_BLOCK_CAPTURE_AUTORELEASING = YES;
				CLANG_WARN_BOOL_CONVERSION = YES;
				CLANG_WARN_COMMA = YES;
				CLANG_WARN_CONSTANT_CONVERSION = YES;
				CLANG_WARN_DEPRECATED_OBJC_IMPLEMENTATIONS = YES;
				CLANG_WARN_DIRECT_OBJC_ISA_USAGE = YES_ERROR;
				CLANG_WARN_DOCUMENTATION_COMMENTS = YES;
				CLANG_WARN_EMPTY_BODY = YES;
				CLANG_WARN_ENUM_CONVERSION = YES;
				CLANG_WARN_INFINITE_RECURSION = YES;
				CLANG_WARN_INT_CONVERSION = YES;
				CLANG_WARN_NON_LITERAL_NULL_CONVERSION = YES;
				CLANG_WARN_OBJC_IMPLICIT_RETAIN_SELF = YES;
				CLANG_WARN_OBJC_LITERAL_CONVERSION = YES;
				CLANG_WARN_OBJC_ROOT_CLASS = YES_ERROR;
				CLANG_WARN_QUOTED_INCLUDE_IN_FRAMEWORK_HEADER = YES;
				CLANG_WARN_RANGE_LOOP_ANALYSIS = YES;
				CLANG_WARN_STRICT_PROTOTYPES = YES;
				CLANG_WARN_SUSPICIOUS_MOVE = YES;
				CLANG_WARN_UNGUARDED_AVAILABILITY = YES_AGGRESSIVE;
				CLANG_WARN_UNREACHABLE_CODE = YES;
				CLANG_WARN__DUPLICATE_METHOD_MATCH = YES;
				COPY_PHASE_STRIP = NO;
				DEBUG_INFORMATION_FORMAT = "dwarf-with-dsym";
				ENABLE_NS_ASSERTIONS = NO;
				ENABLE_STRICT_OBJC_MSGSEND = YES;
				GCC_C_LANGUAGE_STANDARD = gnu11;
				GCC_NO_COMMON_BLOCKS = YES;
				GCC_WARN_64_TO_32_BIT_CONVERSION = YES;
				GCC_WARN_ABOUT_RETURN_TYPE = YES_ERROR;
				GCC_WARN_UNDECLARED_SELECTOR = YES;
				GCC_WARN_UNINITIALIZED_AUTOS = YES_AGGRESSIVE;
				GCC_WARN_UNUSED_FUNCTION = YES;
				GCC_WARN_UNUSED_VARIABLE = YES;
				IPHONEOS_DEPLOYMENT_TARGET = 14.4;
				MTL_ENABLE_DEBUG_INFO = NO;
				MTL_FAST_MATH = YES;
				SDKROOT = iphoneos;
				SWIFT_COMPILATION_MODE = wholemodule;
				SWIFT_OPTIMIZATION_LEVEL = "-O";
				VALIDATE_PRODUCT = YES;
			};
			name = Release;
		};
		B1CD16FF25DD395B002F218D /* Debug */ = {
			isa = XCBuildConfiguration;
			buildSettings = {
				ASSETCATALOG_COMPILER_APPICON_NAME = AppIcon;
				ASSETCATALOG_COMPILER_GLOBAL_ACCENT_COLOR_NAME = AccentColor;
				CODE_SIGN_STYLE = Automatic;
				DEVELOPMENT_TEAM = SU8T54KMJ6;
				INFOPLIST_FILE = QuizApp/Info.plist;
				LD_RUNPATH_SEARCH_PATHS = (
					"$(inherited)",
					"@executable_path/Frameworks",
				);
				PRODUCT_BUNDLE_IDENTIFIER = com.teruaki.QuizApp;
				PRODUCT_NAME = "$(TARGET_NAME)";
				SWIFT_VERSION = 5.0;
				TARGETED_DEVICE_FAMILY = "1,2";
			};
			name = Debug;
		};
		B1CD170025DD395B002F218D /* Release */ = {
			isa = XCBuildConfiguration;
			buildSettings = {
				ASSETCATALOG_COMPILER_APPICON_NAME = AppIcon;
				ASSETCATALOG_COMPILER_GLOBAL_ACCENT_COLOR_NAME = AccentColor;
				CODE_SIGN_STYLE = Automatic;
				DEVELOPMENT_TEAM = SU8T54KMJ6;
				INFOPLIST_FILE = QuizApp/Info.plist;
				LD_RUNPATH_SEARCH_PATHS = (
					"$(inherited)",
					"@executable_path/Frameworks",
				);
				PRODUCT_BUNDLE_IDENTIFIER = com.teruaki.QuizApp;
				PRODUCT_NAME = "$(TARGET_NAME)";
				SWIFT_VERSION = 5.0;
				TARGETED_DEVICE_FAMILY = "1,2";
			};
			name = Release;
		};
/* End XCBuildConfiguration section */

/* Begin XCConfigurationList section */
		B1CD16E525DD3955002F218D /* Build configuration list for PBXProject "QuizApp" */ = {
			isa = XCConfigurationList;
			buildConfigurations = (
				B1CD16FC25DD395B002F218D /* Debug */,
				B1CD16FD25DD395B002F218D /* Release */,
			);
			defaultConfigurationIsVisible = 0;
			defaultConfigurationName = Release;
		};
		B1CD16FE25DD395B002F218D /* Build configuration list for PBXNativeTarget "QuizApp" */ = {
			isa = XCConfigurationList;
			buildConfigurations = (
				B1CD16FF25DD395B002F218D /* Debug */,
				B1CD170025DD395B002F218D /* Release */,
			);
			defaultConfigurationIsVisible = 0;
			defaultConfigurationName = Release;
		};
/* End XCConfigurationList section */
	};
	rootObject = B1CD16E225DD3955002F218D /* Project object */;
}
