// !$*UTF8*$!
{
	archiveVersion = 1;
	classes = {
	};
	objectVersion = 50;
	objects = {

/* Begin PBXBuildFile section */
		B16DEBDE25D9251A0085C895 /* AppDelegate.swift in Sources */ = {isa = PBXBuildFile; fileRef = B16DEBDD25D9251A0085C895 /* AppDelegate.swift */; };
		B16DEBE025D9251A0085C895 /* SceneDelegate.swift in Sources */ = {isa = PBXBuildFile; fileRef = B16DEBDF25D9251A0085C895 /* SceneDelegate.swift */; };
		B16DEBE225D9251A0085C895 /* ViewController.swift in Sources */ = {isa = PBXBuildFile; fileRef = B16DEBE125D9251A0085C895 /* ViewController.swift */; };
		B16DEBE525D9251A0085C895 /* Main.storyboard in Resources */ = {isa = PBXBuildFile; fileRef = B16DEBE325D9251A0085C895 /* Main.storyboard */; };
		B16DEBE725D9251F0085C895 /* Assets.xcassets in Resources */ = {isa = PBXBuildFile; fileRef = B16DEBE625D9251F0085C895 /* Assets.xcassets */; };
		B16DEBEA25D9251F0085C895 /* LaunchScreen.storyboard in Resources */ = {isa = PBXBuildFile; fileRef = B16DEBE825D9251F0085C895 /* LaunchScreen.storyboard */; };
		B16DEBF525D927BB0085C895 /* CalcClass.swift in Sources */ = {isa = PBXBuildFile; fileRef = B16DEBF425D927BB0085C895 /* CalcClass.swift */; };
/* End PBXBuildFile section */

/* Begin PBXFileReference section */
		B16DEBDA25D9251A0085C895 /* CalcAppSelf.app */ = {isa = PBXFileReference; explicitFileType = wrapper.application; includeInIndex = 0; path = CalcAppSelf.app; sourceTree = BUILT_PRODUCTS_DIR; };
		B16DEBDD25D9251A0085C895 /* AppDelegate.swift */ = {isa = PBXFileReference; lastKnownFileType = sourcecode.swift; path = AppDelegate.swift; sourceTree = "<group>"; };
		B16DEBDF25D9251A0085C895 /* SceneDelegate.swift */ = {isa = PBXFileReference; lastKnownFileType = sourcecode.swift; path = SceneDelegate.swift; sourceTree = "<group>"; };
		B16DEBE125D9251A0085C895 /* ViewController.swift */ = {isa = PBXFileReference; lastKnownFileType = sourcecode.swift; path = ViewController.swift; sourceTree = "<group>"; };
		B16DEBE425D9251A0085C895 /* Base */ = {isa = PBXFileReference; lastKnownFileType = file.storyboard; name = Base; path = Base.lproj/Main.storyboard; sourceTree = "<group>"; };
		B16DEBE625D9251F0085C895 /* Assets.xcassets */ = {isa = PBXFileReference; lastKnownFileType = folder.assetcatalog; path = Assets.xcassets; sourceTree = "<group>"; };
		B16DEBE925D9251F0085C895 /* Base */ = {isa = PBXFileReference; lastKnownFileType = file.storyboard; name = Base; path = Base.lproj/LaunchScreen.storyboard; sourceTree = "<group>"; };
		B16DEBEB25D9251F0085C895 /* Info.plist */ = {isa = PBXFileReference; lastKnownFileType = text.plist.xml; path = Info.plist; sourceTree = "<group>"; };
		B16DEBF425D927BB0085C895 /* CalcClass.swift */ = {isa = PBXFileReference; lastKnownFileType = sourcecode.swift; path = CalcClass.swift; sourceTree = "<group>"; };
/* End PBXFileReference section */

/* Begin PBXFrameworksBuildPhase section */
		B16DEBD725D9251A0085C895 /* Frameworks */ = {
			isa = PBXFrameworksBuildPhase;
			buildActionMask = 2147483647;
			files = (
			);
			runOnlyForDeploymentPostprocessing = 0;
		};
/* End PBXFrameworksBuildPhase section */

/* Begin PBXGroup section */
		B16DEBD125D9251A0085C895 = {
			isa = PBXGroup;
			children = (
				B16DEBDC25D9251A0085C895 /* CalcAppSelf */,
				B16DEBDB25D9251A0085C895 /* Products */,
			);
			sourceTree = "<group>";
		};
		B16DEBDB25D9251A0085C895 /* Products */ = {
			isa = PBXGroup;
			children = (
				B16DEBDA25D9251A0085C895 /* CalcAppSelf.app */,
			);
			name = Products;
			sourceTree = "<group>";
		};
		B16DEBDC25D9251A0085C895 /* CalcAppSelf */ = {
			isa = PBXGroup;
			children = (
				B16DEBF325D9279C0085C895 /* Model */,
				B16DEBDD25D9251A0085C895 /* AppDelegate.swift */,
				B16DEBDF25D9251A0085C895 /* SceneDelegate.swift */,
				B16DEBE125D9251A0085C895 /* ViewController.swift */,
				B16DEBE325D9251A0085C895 /* Main.storyboard */,
				B16DEBE625D9251F0085C895 /* Assets.xcassets */,
				B16DEBE825D9251F0085C895 /* LaunchScreen.storyboard */,
				B16DEBEB25D9251F0085C895 /* Info.plist */,
			);
			path = CalcAppSelf;
			sourceTree = "<group>";
		};
		B16DEBF325D9279C0085C895 /* Model */ = {
			isa = PBXGroup;
			children = (
				B16DEBF425D927BB0085C895 /* CalcClass.swift */,
			);
			path = Model;
			sourceTree = "<group>";
		};
/* End PBXGroup section */

/* Begin PBXNativeTarget section */
		B16DEBD925D9251A0085C895 /* CalcAppSelf */ = {
			isa = PBXNativeTarget;
			buildConfigurationList = B16DEBEE25D9251F0085C895 /* Build configuration list for PBXNativeTarget "CalcAppSelf" */;
			buildPhases = (
				B16DEBD625D9251A0085C895 /* Sources */,
				B16DEBD725D9251A0085C895 /* Frameworks */,
				B16DEBD825D9251A0085C895 /* Resources */,
			);
			buildRules = (
			);
			dependencies = (
			);
			name = CalcAppSelf;
			productName = CalcAppSelf;
			productReference = B16DEBDA25D9251A0085C895 /* CalcAppSelf.app */;
			productType = "com.apple.product-type.application";
		};
/* End PBXNativeTarget section */

/* Begin PBXProject section */
		B16DEBD225D9251A0085C895 /* Project object */ = {
			isa = PBXProject;
			attributes = {
				LastSwiftUpdateCheck = 1240;
				LastUpgradeCheck = 1240;
				TargetAttributes = {
					B16DEBD925D9251A0085C895 = {
						CreatedOnToolsVersion = 12.4;
					};
				};
			};
			buildConfigurationList = B16DEBD525D9251A0085C895 /* Build configuration list for PBXProject "CalcAppSelf" */;
			compatibilityVersion = "Xcode 9.3";
			developmentRegion = en;
			hasScannedForEncodings = 0;
			knownRegions = (
				en,
				Base,
			);
			mainGroup = B16DEBD125D9251A0085C895;
			productRefGroup = B16DEBDB25D9251A0085C895 /* Products */;
			projectDirPath = "";
			projectRoot = "";
			targets = (
				B16DEBD925D9251A0085C895 /* CalcAppSelf */,
			);
		};
/* End PBXProject section */

/* Begin PBXResourcesBuildPhase section */
		B16DEBD825D9251A0085C895 /* Resources */ = {
			isa = PBXResourcesBuildPhase;
			buildActionMask = 2147483647;
			files = (
				B16DEBEA25D9251F0085C895 /* LaunchScreen.storyboard in Resources */,
				B16DEBE725D9251F0085C895 /* Assets.xcassets in Resources */,
				B16DEBE525D9251A0085C895 /* Main.storyboard in Resources */,
			);
			runOnlyForDeploymentPostprocessing = 0;
		};
/* End PBXResourcesBuildPhase section */

/* Begin PBXSourcesBuildPhase section */
		B16DEBD625D9251A0085C895 /* Sources */ = {
			isa = PBXSourcesBuildPhase;
			buildActionMask = 2147483647;
			files = (
				B16DEBE225D9251A0085C895 /* ViewController.swift in Sources */,
				B16DEBDE25D9251A0085C895 /* AppDelegate.swift in Sources */,
				B16DEBE025D9251A0085C895 /* SceneDelegate.swift in Sources */,
				B16DEBF525D927BB0085C895 /* CalcClass.swift in Sources */,
			);
			runOnlyForDeploymentPostprocessing = 0;
		};
/* End PBXSourcesBuildPhase section */

/* Begin PBXVariantGroup section */
		B16DEBE325D9251A0085C895 /* Main.storyboard */ = {
			isa = PBXVariantGroup;
			children = (
				B16DEBE425D9251A0085C895 /* Base */,
			);
			name = Main.storyboard;
			sourceTree = "<group>";
		};
		B16DEBE825D9251F0085C895 /* LaunchScreen.storyboard */ = {
			isa = PBXVariantGroup;
			children = (
				B16DEBE925D9251F0085C895 /* Base */,
			);
			name = LaunchScreen.storyboard;
			sourceTree = "<group>";
		};
/* End PBXVariantGroup section */

/* Begin XCBuildConfiguration section */
		B16DEBEC25D9251F0085C895 /* Debug */ = {
			isa = XCBuildConfiguration;
			buildSettings = {
				ALWAYS_SEARCH_USER_PATHS = NO;
				CLANG_ANALYZER_NONNULL = YES;
				CLANG_ANALYZER_NUMBER_OBJECT_CONVERSION = YES_AGGRESSIVE;
				CLANG_CXX_LANGUAGE_STANDARD = "gnu++14";
				CLANG_CXX_LIBRARY = "libc++";
				CLANG_ENABLE_MODULES = YES;
				CLANG_ENABLE_OBJC_ARC = YES;
				CLANG_ENABLE_OBJC_WEAK = YES;
				CLANG_WARN_BLOCK_CAPTURE_AUTORELEASING = YES;
				CLANG_WARN_BOOL_CONVERSION = YES;
				CLANG_WARN_COMMA = YES;
				CLANG_WARN_CONSTANT_CONVERSION = YES;
				CLANG_WARN_DEPRECATED_OBJC_IMPLEMENTATIONS = YES;
				CLANG_WARN_DIRECT_OBJC_ISA_USAGE = YES_ERROR;
				CLANG_WARN_DOCUMENTATION_COMMENTS = YES;
				CLANG_WARN_EMPTY_BODY = YES;
				CLANG_WARN_ENUM_CONVERSION = YES;
				CLANG_WARN_INFINITE_RECURSION = YES;
				CLANG_WARN_INT_CONVERSION = YES;
				CLANG_WARN_NON_LITERAL_NULL_CONVERSION = YES;
				CLANG_WARN_OBJC_IMPLICIT_RETAIN_SELF = YES;
				CLANG_WARN_OBJC_LITERAL_CONVERSION = YES;
				CLANG_WARN_OBJC_ROOT_CLASS = YES_ERROR;
				CLANG_WARN_QUOTED_INCLUDE_IN_FRAMEWORK_HEADER = YES;
				CLANG_WARN_RANGE_LOOP_ANALYSIS = YES;
				CLANG_WARN_STRICT_PROTOTYPES = YES;
				CLANG_WARN_SUSPICIOUS_MOVE = YES;
				CLANG_WARN_UNGUARDED_AVAILABILITY = YES_AGGRESSIVE;
				CLANG_WARN_UNREACHABLE_CODE = YES;
				CLANG_WARN__DUPLICATE_METHOD_MATCH = YES;
				COPY_PHASE_STRIP = NO;
				DEBUG_INFORMATION_FORMAT = dwarf;
				ENABLE_STRICT_OBJC_MSGSEND = YES;
				ENABLE_TESTABILITY = YES;
				GCC_C_LANGUAGE_STANDARD = gnu11;
				GCC_DYNAMIC_NO_PIC = NO;
				GCC_NO_COMMON_BLOCKS = YES;
				GCC_OPTIMIZATION_LEVEL = 0;
				GCC_PREPROCESSOR_DEFINITIONS = (
					"DEBUG=1",
					"$(inherited)",
				);
				GCC_WARN_64_TO_32_BIT_CONVERSION = YES;
				GCC_WARN_ABOUT_RETURN_TYPE = YES_ERROR;
				GCC_WARN_UNDECLARED_SELECTOR = YES;
				GCC_WARN_UNINITIALIZED_AUTOS = YES_AGGRESSIVE;
				GCC_WARN_UNUSED_FUNCTION = YES;
				GCC_WARN_UNUSED_VARIABLE = YES;
				IPHONEOS_DEPLOYMENT_TARGET = 14.4;
				MTL_ENABLE_DEBUG_INFO = INCLUDE_SOURCE;
				MTL_FAST_MATH = YES;
				ONLY_ACTIVE_ARCH = YES;
				SDKROOT = iphoneos;
				SWIFT_ACTIVE_COMPILATION_CONDITIONS = DEBUG;
				SWIFT_OPTIMIZATION_LEVEL = "-Onone";
			};
			name = Debug;
		};
		B16DEBED25D9251F0085C895 /* Release */ = {
			isa = XCBuildConfiguration;
			buildSettings = {
				ALWAYS_SEARCH_USER_PATHS = NO;
				CLANG_ANALYZER_NONNULL = YES;
				CLANG_ANALYZER_NUMBER_OBJECT_CONVERSION = YES_AGGRESSIVE;
				CLANG_CXX_LANGUAGE_STANDARD = "gnu++14";
				CLANG_CXX_LIBRARY = "libc++";
				CLANG_ENABLE_MODULES = YES;
				CLANG_ENABLE_OBJC_ARC = YES;
				CLANG_ENABLE_OBJC_WEAK = YES;
				CLANG_WARN_BLOCK_CAPTURE_AUTORELEASING = YES;
				CLANG_WARN_BOOL_CONVERSION = YES;
				CLANG_WARN_COMMA = YES;
				CLANG_WARN_CONSTANT_CONVERSION = YES;
				CLANG_WARN_DEPRECATED_OBJC_IMPLEMENTATIONS = YES;
				CLANG_WARN_DIRECT_OBJC_ISA_USAGE = YES_ERROR;
				CLANG_WARN_DOCUMENTATION_COMMENTS = YES;
				CLANG_WARN_EMPTY_BODY = YES;
				CLANG_WARN_ENUM_CONVERSION = YES;
				CLANG_WARN_INFINITE_RECURSION = YES;
				CLANG_WARN_INT_CONVERSION = YES;
				CLANG_WARN_NON_LITERAL_NULL_CONVERSION = YES;
				CLANG_WARN_OBJC_IMPLICIT_RETAIN_SELF = YES;
				CLANG_WARN_OBJC_LITERAL_CONVERSION = YES;
				CLANG_WARN_OBJC_ROOT_CLASS = YES_ERROR;
				CLANG_WARN_QUOTED_INCLUDE_IN_FRAMEWORK_HEADER = YES;
				CLANG_WARN_RANGE_LOOP_ANALYSIS = YES;
				CLANG_WARN_STRICT_PROTOTYPES = YES;
				CLANG_WARN_SUSPICIOUS_MOVE = YES;
				CLANG_WARN_UNGUARDED_AVAILABILITY = YES_AGGRESSIVE;
				CLANG_WARN_UNREACHABLE_CODE = YES;
				CLANG_WARN__DUPLICATE_METHOD_MATCH = YES;
				COPY_PHASE_STRIP = NO;
				DEBUG_INFORMATION_FORMAT = "dwarf-with-dsym";
				ENABLE_NS_ASSERTIONS = NO;
				ENABLE_STRICT_OBJC_MSGSEND = YES;
				GCC_C_LANGUAGE_STANDARD = gnu11;
				GCC_NO_COMMON_BLOCKS = YES;
				GCC_WARN_64_TO_32_BIT_CONVERSION = YES;
				GCC_WARN_ABOUT_RETURN_TYPE = YES_ERROR;
				GCC_WARN_UNDECLARED_SELECTOR = YES;
				GCC_WARN_UNINITIALIZED_AUTOS = YES_AGGRESSIVE;
				GCC_WARN_UNUSED_FUNCTION = YES;
				GCC_WARN_UNUSED_VARIABLE = YES;
				IPHONEOS_DEPLOYMENT_TARGET = 14.4;
				MTL_ENABLE_DEBUG_INFO = NO;
				MTL_FAST_MATH = YES;
				SDKROOT = iphoneos;
				SWIFT_COMPILATION_MODE = wholemodule;
				SWIFT_OPTIMIZATION_LEVEL = "-O";
				VALIDATE_PRODUCT = YES;
			};
			name = Release;
		};
		B16DEBEF25D9251F0085C895 /* Debug */ = {
			isa = XCBuildConfiguration;
			buildSettings = {
				ASSETCATALOG_COMPILER_APPICON_NAME = AppIcon;
				ASSETCATALOG_COMPILER_GLOBAL_ACCENT_COLOR_NAME = AccentColor;
				CODE_SIGN_STYLE = Automatic;
				DEVELOPMENT_TEAM = SU8T54KMJ6;
				INFOPLIST_FILE = CalcAppSelf/Info.plist;
				LD_RUNPATH_SEARCH_PATHS = (
					"$(inherited)",
					"@executable_path/Frameworks",
				);
				PRODUCT_BUNDLE_IDENTIFIER = com.teruaki.CalcAppSelf;
				PRODUCT_NAME = "$(TARGET_NAME)";
				SWIFT_VERSION = 5.0;
				TARGETED_DEVICE_FAMILY = 1;
			};
			name = Debug;
		};
		B16DEBF025D9251F0085C895 /* Release */ = {
			isa = XCBuildConfiguration;
			buildSettings = {
				ASSETCATALOG_COMPILER_APPICON_NAME = AppIcon;
				ASSETCATALOG_COMPILER_GLOBAL_ACCENT_COLOR_NAME = AccentColor;
				CODE_SIGN_STYLE = Automatic;
				DEVELOPMENT_TEAM = SU8T54KMJ6;
				INFOPLIST_FILE = CalcAppSelf/Info.plist;
				LD_RUNPATH_SEARCH_PATHS = (
					"$(inherited)",
					"@executable_path/Frameworks",
				);
				PRODUCT_BUNDLE_IDENTIFIER = com.teruaki.CalcAppSelf;
				PRODUCT_NAME = "$(TARGET_NAME)";
				SWIFT_VERSION = 5.0;
				TARGETED_DEVICE_FAMILY = 1;
			};
			name = Release;
		};
/* End XCBuildConfiguration section */

/* Begin XCConfigurationList section */
		B16DEBD525D9251A0085C895 /* Build configuration list for PBXProject "CalcAppSelf" */ = {
			isa = XCConfigurationList;
			buildConfigurations = (
				B16DEBEC25D9251F0085C895 /* Debug */,
				B16DEBED25D9251F0085C895 /* Release */,
			);
			defaultConfigurationIsVisible = 0;
			defaultConfigurationName = Release;
		};
		B16DEBEE25D9251F0085C895 /* Build configuration list for PBXNativeTarget "CalcAppSelf" */ = {
			isa = XCConfigurationList;
			buildConfigurations = (
				B16DEBEF25D9251F0085C895 /* Debug */,
				B16DEBF025D9251F0085C895 /* Release */,
			);
			defaultConfigurationIsVisible = 0;
			defaultConfigurationName = Release;
		};
/* End XCConfigurationList section */
	};
	rootObject = B16DEBD225D9251A0085C895 /* Project object */;
}
